# This file was autogenerated by Stack.
# You should not edit this file by hand.
# For more information, please see the documentation at:
#   https://docs.haskellstack.org/en/stable/topics/lock_files

packages: []
snapshots:
- completed:
    sha256: 5b36c6978f783f48720cf24f7a0a3eee50a58bfe475f7889bd9709c364ce561e
    size: 659857
    url: https://raw.githubusercontent.com/commercialhaskell/stackage-snapshots/master/nightly/2025/3/15.yaml
  original: nightly-2025-03-15
