# This file was autogenerated by Stack.
# You should not edit this file by hand.
# For more information, please see the documentation at:
#   https://docs.haskellstack.org/en/stable/topics/lock_files

packages: []
snapshots:
- completed:
    sha256: 1e92ad93196c13fe3ccc3b5770f7f678816b92340a578b8ca927cb46604e6e2f
    size: 658339
    url: https://raw.githubusercontent.com/commercialhaskell/stackage-snapshots/master/nightly/2025/3/7.yaml
  original: nightly-2025-03-07
